
Microsoft Visual Studio Solution File, Format Version 12.00
# Visual Studio 14
VisualStudioVersion = 14.0.25420.1
MinimumVisualStudioVersion = 10.0.40219.1
Project("{FAE04EC0-301F-11D3-BF4B-00C04F79EFBC}") = "DataLayer", "DataLayer\DataLayer.csproj", "{8521447E-2627-4EEB-8612-F9DCE6E7E1C6}"
EndProject
Project("{FAE04EC0-301F-11D3-BF4B-00C04F79EFBC}") = "BankClientApp", "BankClientApp\BankClientApp.csproj", "{3DEBEC38-DF3D-436E-B710-11582DA27652}"
EndProject
Global
	GlobalSection(SolutionConfigurationPlatforms) = preSolution
		Debug|Any CPU = Debug|Any CPU
		Release|Any CPU = Release|Any CPU
	EndGlobalSection
	GlobalSection(ProjectConfigurationPlatforms) = postSolution
		{8521447E-2627-4EEB-8612-F9DCE6E7E1C6}.Debug|Any CPU.ActiveCfg = Debug|Any CPU
		{8521447E-2627-4EEB-8612-F9DCE6E7E1C6}.Debug|Any CPU.Build.0 = Debug|Any CPU
		{8521447E-2627-4EEB-8612-F9DCE6E7E1C6}.Release|Any CPU.ActiveCfg = Release|Any CPU
		{8521447E-2627-4EEB-8612-F9DCE6E7E1C6}.Release|Any CPU.Build.0 = Release|Any CPU
		{3DEBEC38-DF3D-436E-B710-11582DA27652}.Debug|Any CPU.ActiveCfg = Debug|Any CPU
		{3DEBEC38-DF3D-436E-B710-11582DA27652}.Debug|Any CPU.Build.0 = Debug|Any CPU
		{3DEBEC38-DF3D-436E-B710-11582DA27652}.Release|Any CPU.ActiveCfg = Release|Any CPU
		{3DEBEC38-DF3D-436E-B710-11582DA27652}.Release|Any CPU.Build.0 = Release|Any CPU
	EndGlobalSection
	GlobalSection(SolutionProperties) = preSolution
		HideSolutionNode = FALSE
	EndGlobalSection
EndGlobal
